github.com/dwimmertxt/hubbub v0.0.0-20220723015736-02f8be359748 h1:KAEnosBUPs1FAadMroHh8xFsoKSArNGNOb9x0LsAvgQ=
github.com/dwimmertxt/hubbub v0.0.0-20220723015736-02f8be359748/go.mod h1:Nv4OhbJo0ce7cZbSbpsWs4G9AqUXysSk9C4KprMGV9k=
github.com/ojrac/opensimplex-go v1.0.2 h1:l4vs0D+JCakcu5OV0kJ99oEaWJfggSc9jiLpxaWvSzs=
github.com/ojrac/opensimplex-go v1.0.2/go.mod h1:NwbXFFbXcdGgIFdiA7/REME+7n/lOf1TuEbLiZYOWnM=
